
Microsoft Visual Studio Solution File, Format Version 12.00
# Visual Studio Version 16
VisualStudioVersion = 16.0.30711.63
MinimumVisualStudioVersion = 10.0.40219.1
Project("{FAE04EC0-301F-11D3-BF4B-00C04F79EFBC}") = "ConsoleApp52", "ConsoleApp52\ConsoleApp52.csproj", "{AAB90592-0363-448A-8E30-0AA13F812C9B}"
EndProject
Global
	GlobalSection(SolutionConfigurationPlatforms) = preSolution
		Debug|Any CPU = Debug|Any CPU
		Release|Any CPU = Release|Any CPU
	EndGlobalSection
	GlobalSection(ProjectConfigurationPlatforms) = postSolution
		{AAB90592-0363-448A-8E30-0AA13F812C9B}.Debug|Any CPU.ActiveCfg = Debug|Any CPU
		{AAB90592-0363-448A-8E30-0AA13F812C9B}.Debug|Any CPU.Build.0 = Debug|Any CPU
		{AAB90592-0363-448A-8E30-0AA13F812C9B}.Release|Any CPU.ActiveCfg = Release|Any CPU
		{AAB90592-0363-448A-8E30-0AA13F812C9B}.Release|Any CPU.Build.0 = Release|Any CPU
	EndGlobalSection
	GlobalSection(SolutionProperties) = preSolution
		HideSolutionNode = FALSE
	EndGlobalSection
	GlobalSection(ExtensibilityGlobals) = postSolution
		SolutionGuid = {B171D2D7-3B01-4951-9DFA-0068A4E40A68}
	EndGlobalSection
EndGlobal
