
Microsoft Visual Studio Solution File, Format Version 12.00
# Visual Studio Version 16
VisualStudioVersion = 16.0.30711.63
MinimumVisualStudioVersion = 10.0.40219.1
Project("{FAE04EC0-301F-11D3-BF4B-00C04F79EFBC}") = "ConsoleApp52", "ConsoleApp52\ConsoleApp52.csproj", "{AAB90592-0363-448A-8E30-0AA13F812C9B}"
EndProject
Project("{FAE04EC0-301F-11D3-BF4B-00C04F79EFBC}") = "Data", "Data\Data.csproj", "{7B3CBE55-5AA8-432F-8DEB-3E6128B86E3F}"
EndProject
Project("{FAE04EC0-301F-11D3-BF4B-00C04F79EFBC}") = "Parser", "Parser\Parser.csproj", "{4298889C-6F86-4F53-A6E7-7D57FB611134}"
EndProject
Project("{FAE04EC0-301F-11D3-BF4B-00C04F79EFBC}") = "Report", "DataBase\Report.csproj", "{3591A7AB-7C10-4F78-BA0B-6F55B4DD7659}"
EndProject
Global
	GlobalSection(SolutionConfigurationPlatforms) = preSolution
		Debug|Any CPU = Debug|Any CPU
		Release|Any CPU = Release|Any CPU
	EndGlobalSection
	GlobalSection(ProjectConfigurationPlatforms) = postSolution
		{AAB90592-0363-448A-8E30-0AA13F812C9B}.Debug|Any CPU.ActiveCfg = Debug|Any CPU
		{AAB90592-0363-448A-8E30-0AA13F812C9B}.Debug|Any CPU.Build.0 = Debug|Any CPU
		{AAB90592-0363-448A-8E30-0AA13F812C9B}.Release|Any CPU.ActiveCfg = Release|Any CPU
		{AAB90592-0363-448A-8E30-0AA13F812C9B}.Release|Any CPU.Build.0 = Release|Any CPU
		{7B3CBE55-5AA8-432F-8DEB-3E6128B86E3F}.Debug|Any CPU.ActiveCfg = Debug|Any CPU
		{7B3CBE55-5AA8-432F-8DEB-3E6128B86E3F}.Debug|Any CPU.Build.0 = Debug|Any CPU
		{7B3CBE55-5AA8-432F-8DEB-3E6128B86E3F}.Release|Any CPU.ActiveCfg = Release|Any CPU
		{7B3CBE55-5AA8-432F-8DEB-3E6128B86E3F}.Release|Any CPU.Build.0 = Release|Any CPU
		{4298889C-6F86-4F53-A6E7-7D57FB611134}.Debug|Any CPU.ActiveCfg = Debug|Any CPU
		{4298889C-6F86-4F53-A6E7-7D57FB611134}.Debug|Any CPU.Build.0 = Debug|Any CPU
		{4298889C-6F86-4F53-A6E7-7D57FB611134}.Release|Any CPU.ActiveCfg = Release|Any CPU
		{4298889C-6F86-4F53-A6E7-7D57FB611134}.Release|Any CPU.Build.0 = Release|Any CPU
		{3591A7AB-7C10-4F78-BA0B-6F55B4DD7659}.Debug|Any CPU.ActiveCfg = Debug|Any CPU
		{3591A7AB-7C10-4F78-BA0B-6F55B4DD7659}.Debug|Any CPU.Build.0 = Debug|Any CPU
		{3591A7AB-7C10-4F78-BA0B-6F55B4DD7659}.Release|Any CPU.ActiveCfg = Release|Any CPU
		{3591A7AB-7C10-4F78-BA0B-6F55B4DD7659}.Release|Any CPU.Build.0 = Release|Any CPU
	EndGlobalSection
	GlobalSection(SolutionProperties) = preSolution
		HideSolutionNode = FALSE
	EndGlobalSection
	GlobalSection(ExtensibilityGlobals) = postSolution
		SolutionGuid = {B171D2D7-3B01-4951-9DFA-0068A4E40A68}
	EndGlobalSection
EndGlobal
